<Solution>
  <Folder Name="/src/">
    <Project Path="src/Forge.Api/Forge.Api.csproj" />
    <Project Path="src/Forge.Core/Forge.Core.csproj" />
    <Project Path="src/Forge.Scheduler/Forge.Scheduler.csproj" />
    <Project Path="src/Forge.Storage/Forge.Storage.csproj" />
    <Project Path="src/Forge.Worker/Forge.Worker.csproj" />
  </Folder>
</Solution>
